
Microsoft Visual Studio Solution File, Format Version 12.00
# Visual Studio Version 17
VisualStudioVersion = 17.14.36221.1 d17.14
MinimumVisualStudioVersion = 10.0.40219.1
Project("{FAE04EC0-301F-11D3-BF4B-00C04F79EFBC}") = "sti-student-patient-information-system", "sti-student-patient-information-system.csproj", "{ACE5CBF6-5CCE-49FE-B13B-9F6F81383881}"
EndProject
Global
	GlobalSection(SolutionConfigurationPlatforms) = preSolution
		Debug|Any CPU = Debug|Any CPU
		Release|Any CPU = Release|Any CPU
	EndGlobalSection
	GlobalSection(ProjectConfigurationPlatforms) = postSolution
		{ACE5CBF6-5CCE-49FE-B13B-9F6F81383881}.Debug|Any CPU.ActiveCfg = Debug|Any CPU
		{ACE5CBF6-5CCE-49FE-B13B-9F6F81383881}.Debug|Any CPU.Build.0 = Debug|Any CPU
		{ACE5CBF6-5CCE-49FE-B13B-9F6F81383881}.Release|Any CPU.ActiveCfg = Release|Any CPU
		{ACE5CBF6-5CCE-49FE-B13B-9F6F81383881}.Release|Any CPU.Build.0 = Release|Any CPU
	EndGlobalSection
	GlobalSection(SolutionProperties) = preSolution
		HideSolutionNode = FALSE
	EndGlobalSection
	GlobalSection(ExtensibilityGlobals) = postSolution
		SolutionGuid = {CBC664ED-4D2A-40E5-8358-ECB7E758AC11}
	EndGlobalSection
EndGlobal
